schema: '2.0'
stages:
  data_ingestion:
    cmd: python src/data_ingestion.py
    deps:
    - path: src/data_ingestion.py
      hash: md5
      md5: c0211b5dd1d7f1161932cbf350b9dabf
      size: 3650
    params:
      params.yaml:
        data_ingestion.test_size: 0.15
    outs:
    - path: data/raw
      hash: md5
      md5: a15ba66afdf82f8659b031b175286ed3.dir
      size: 484846
      nfiles: 2
  pre-processing:
    cmd: python src/pre-processing.py
    deps:
    - path: data/raw
      hash: md5
      md5: a15ba66afdf82f8659b031b175286ed3.dir
      size: 484846
      nfiles: 2
    - path: src/pre-processing.py
      hash: md5
      md5: ae0059b79590609927f72e3c373f1865
      size: 3973
    outs:
    - path: data/interim
      hash: md5
      md5: 60a6fff4e80508df65a68e383fa2725e.dir
      size: 259164
      nfiles: 2
  feature_engg:
    cmd: python src/feature_engg.py
    deps:
    - path: data/interim
      hash: md5
      md5: 60a6fff4e80508df65a68e383fa2725e.dir
      size: 259164
      nfiles: 2
    - path: src/feature_engg.py
      hash: md5
      md5: 3b1982328a0785484f176f11d8dd04ed
      size: 3912
    params:
      params.yaml:
        feature_engg.max_features: 67
    outs:
    - path: data/processed
      hash: md5
      md5: 3a1e9e924c672e70fad733d64fee9c82.dir
      size: 1562378
      nfiles: 2
  model_training:
    cmd: python src/model_training.py
    deps:
    - path: data/processed
      hash: md5
      md5: 3a1e9e924c672e70fad733d64fee9c82.dir
      size: 1562378
      nfiles: 2
    - path: src/model_training.py
      hash: md5
      md5: 81dd3dfe7343704c51705de2fa92612f
      size: 4424
    params:
      params.yaml:
        model_training.n_estimators: 25
        model_training.random_state: 6
    outs:
    - path: models/model.pkl
      hash: md5
      md5: e73218d2e707612a433bf6e7b82d925e
      size: 1068526
  model_evaluation:
    cmd: python src/model_evaluation.py
    deps:
    - path: models/model.pkl
      hash: md5
      md5: e73218d2e707612a433bf6e7b82d925e
      size: 1068526
    - path: src/model_evaluation.py
      hash: md5
      md5: 80844d72295f5f3c470f46c30ffcdaaa
      size: 4640
    outs:
    - path: reports/metrics.json
      hash: md5
      md5: 93ab62f7ffda3547b20e0f49949f2221
      size: 145
